<?xml version="1.0" encoding="utf-8"?>
<Project ToolsVersion="4.0" xmlns="http://schemas.microsoft.com/developer/msbuild/2003">
  <ItemGroup>
    <Filter Include="Arquivos de Origem">
      <UniqueIdentifier>{4FC737F1-C7A5-4376-A066-2A32D752A2FF}</UniqueIdentifier>
      <Extensions>cpp;c;cc;cxx;c++;cppm;ixx;def;odl;idl;hpj;bat;asm;asmx</Extensions>
    </Filter>
    <Filter Include="Arquivos de Cabeçalho">
      <UniqueIdentifier>{93995380-89BD-4b04-88EB-625FBE52EBFB}</UniqueIdentifier>
      <Extensions>h;hh;hpp;hxx;h++;hm;inl;inc;ipp;xsd</Extensions>
    </Filter>
    <Filter Include="Arquivos de Recurso">
      <UniqueIdentifier>{67DA6AB6-F800-4c08-8B7A-83BB121AAD01}</UniqueIdentifier>
      <Extensions>rc;ico;cur;bmp;dlg;rc2;rct;bin;rgs;gif;jpg;jpeg;jpe;resx;tiff;tif;png;wav;mfcribbon-ms</Extensions>
    </Filter>
    <Filter Include="res">
      <UniqueIdentifier>{ec2450f7-5f51-49af-888b-f29c90d84f75}</UniqueIdentifier>
    </Filter>
    <Filter Include="Arquivos de Recurso\Images">
      <UniqueIdentifier>{8c0f9852-15a3-475c-af30-32c2d6bec84f}</UniqueIdentifier>
    </Filter>
  </ItemGroup>
  <ItemGroup>
    <None Include="packages.config" />
  </ItemGroup>
  <ItemGroup>
    <ClCompile Include="boxe.c">
      <Filter>Arquivos de Origem</Filter>
    </ClCompile>
    <ClCompile Include="Boxe.cpp">
      <Filter>Arquivos de Origem</Filter>
    </ClCompile>
  </ItemGroup>
  <ItemGroup>
    <Font Include="..\..\..\..\Desktop\RevisaoCComAllegro5-resolucao\res\halo3.ttf">
      <Filter>res</Filter>
    </Font>
  </ItemGroup>
  <ItemGroup>
    <Image Include="..\..\..\..\Desktop\RevisaoCComAllegro5-resolucao\res\img1.jpg">
      <Filter>res</Filter>
    </Image>
    <Image Include="..\..\..\..\Desktop\RevisaoCComAllegro5-resolucao\res\img2.jpg">
      <Filter>res</Filter>
    </Image>
    <Image Include="..\..\..\..\Desktop\RevisaoCComAllegro5-resolucao\res\img3.jpg">
      <Filter>res</Filter>
    </Image>
    <Image Include="..\..\..\..\Desktop\boxe\trues\base_b.png">
      <Filter>Arquivos de Recurso\Images</Filter>
    </Image>
    <Image Include="..\..\..\..\Desktop\boxe\trues\base_p.png">
      <Filter>Arquivos de Recurso\Images</Filter>
    </Image>
    <Image Include="..\..\..\..\Desktop\boxe\trues\chute_b.png">
      <Filter>Arquivos de Recurso\Images</Filter>
    </Image>
    <Image Include="..\..\..\..\Desktop\boxe\trues\chute_p.png">
      <Filter>Arquivos de Recurso\Images</Filter>
    </Image>
    <Image Include="..\..\..\..\Desktop\boxe\trues\jeb_b.png">
      <Filter>Arquivos de Recurso\Images</Filter>
    </Image>
    <Image Include="..\..\..\..\Desktop\boxe\trues\jeb_p.png">
      <Filter>Arquivos de Recurso\Images</Filter>
    </Image>
    <Image Include="..\..\..\..\Desktop\boxe\trues\varios_b.png">
      <Filter>Arquivos de Recurso\Images</Filter>
    </Image>
    <Image Include="..\..\..\..\Desktop\boxe\trues\varios_p.png">
      <Filter>Arquivos de Recurso\Images</Filter>
    </Image>
  </ItemGroup>
  <ItemGroup>
    <Media Include="..\..\..\..\Desktop\RevisaoCComAllegro5-resolucao\res\slide.wav">
      <Filter>res</Filter>
    </Media>
  </ItemGroup>
</Project>